Microsoft Visual Studio Solution File, Format Version 12.00
# Visual Studio Version 17
VisualStudioVersion = 17.5.2.0
MinimumVisualStudioVersion = 10.0.40219.1
Project("{FAE04EC0-301F-11D3-BF4B-00C04F79EFBC}") = "KriptoOdev", "KriptoOdev.csproj", "{AA71BECD-3936-5904-52EA-90DFEC6444AF}"
EndProject
Global
	GlobalSection(SolutionConfigurationPlatforms) = preSolution
		Debug|Any CPU = Debug|Any CPU
		Release|Any CPU = Release|Any CPU
	EndGlobalSection
	GlobalSection(ProjectConfigurationPlatforms) = postSolution
		{AA71BECD-3936-5904-52EA-90DFEC6444AF}.Debug|Any CPU.ActiveCfg = Debug|Any CPU
		{AA71BECD-3936-5904-52EA-90DFEC6444AF}.Debug|Any CPU.Build.0 = Debug|Any CPU
		{AA71BECD-3936-5904-52EA-90DFEC6444AF}.Release|Any CPU.ActiveCfg = Release|Any CPU
		{AA71BECD-3936-5904-52EA-90DFEC6444AF}.Release|Any CPU.Build.0 = Release|Any CPU
	EndGlobalSection
	GlobalSection(SolutionProperties) = preSolution
		HideSolutionNode = FALSE
	EndGlobalSection
	GlobalSection(ExtensibilityGlobals) = postSolution
		SolutionGuid = {7C8D22D0-62F3-467C-8832-B66A69E42CB0}
	EndGlobalSection
EndGlobal
